
Microsoft Visual Studio Solution File, Format Version 12.00
# Visual Studio Version 17
VisualStudioVersion = 17.0.31903.59
MinimumVisualStudioVersion = 10.0.40219.1
Project("{2150E333-8FDC-42A3-9474-1A3956D46DE8}") = "src", "src", "{74A7EE62-6EC6-4D3C-8049-BF699B368A6B}"
EndProject
Project("{2150E333-8FDC-42A3-9474-1A3956D46DE8}") = "Gateway", "Gateway", "{F51DA2F5-7812-4FA0-BBD5-88ADECA4702A}"
EndProject
Project("{FAE04EC0-301F-11D3-BF4B-00C04F79EFBC}") = "ApiGateway", "src\Gateway\ApiGateway\ApiGateway.csproj", "{305A5EF2-EE26-4DBD-B33E-4074AC68061A}"
EndProject
Project("{2150E333-8FDC-42A3-9474-1A3956D46DE8}") = "Services", "Services", "{32B73698-6EA9-43B8-BC05-C03D635121A3}"
EndProject
Project("{2150E333-8FDC-42A3-9474-1A3956D46DE8}") = "Identity", "Identity", "{7641C4EA-0436-40D0-8B3E-ABCD2C460D5F}"
EndProject
Project("{FAE04EC0-301F-11D3-BF4B-00C04F79EFBC}") = "Identity.Api", "src\Services\Identity\Identity.Api\Identity.Api.csproj", "{58F8D8B3-C894-4827-8063-C87CF75F2E00}"
EndProject
Project("{2150E333-8FDC-42A3-9474-1A3956D46DE8}") = "Product", "Product", "{5034BE3A-CD2A-48B8-8EAF-0B08639463B2}"
EndProject
Project("{FAE04EC0-301F-11D3-BF4B-00C04F79EFBC}") = "Product.Api", "src\Services\Product\Product.Api\Product.Api.csproj", "{0F2484FF-8518-4C3B-8F56-90FFC081D0FF}"
EndProject
Project("{2150E333-8FDC-42A3-9474-1A3956D46DE8}") = "Cart", "Cart", "{C9237AA6-2884-4874-A5F6-D5BBF1000047}"
EndProject
Project("{FAE04EC0-301F-11D3-BF4B-00C04F79EFBC}") = "Cart.Api", "src\Services\Cart\Cart.Api\Cart.Api.csproj", "{FCD2F638-AD68-415D-85EB-5A68537B4238}"
EndProject
Project("{2150E333-8FDC-42A3-9474-1A3956D46DE8}") = "Order", "Order", "{6423A10E-859E-4869-B167-8C390C9D39F2}"
EndProject
Project("{FAE04EC0-301F-11D3-BF4B-00C04F79EFBC}") = "Order.Api", "src\Services\Order\Order.Api\Order.Api.csproj", "{E9E77C3E-2073-4D1D-88B0-76EE2E7C23C6}"
EndProject
Project("{2150E333-8FDC-42A3-9474-1A3956D46DE8}") = "Inventory", "Inventory", "{FA56CC81-C1D0-4253-BD62-2A75912F597F}"
EndProject
Project("{FAE04EC0-301F-11D3-BF4B-00C04F79EFBC}") = "Inventory.Api", "src\Services\Inventory\Inventory.Api\Inventory.Api.csproj", "{5818B777-27FA-450B-A7D4-DF57108D7948}"
EndProject
Project("{2150E333-8FDC-42A3-9474-1A3956D46DE8}") = "Payment", "Payment", "{35AC3574-F9ED-4ED7-9877-4A09465465E0}"
EndProject
Project("{FAE04EC0-301F-11D3-BF4B-00C04F79EFBC}") = "Payment.Api", "src\Services\Payment\Payment.Api\Payment.Api.csproj", "{C73C3232-EA02-420F-AB8B-937C98DC1773}"
EndProject
Project("{2150E333-8FDC-42A3-9474-1A3956D46DE8}") = "Notification", "Notification", "{E94A28B5-E809-4115-88FA-9065EA4C0FBD}"
EndProject
Project("{FAE04EC0-301F-11D3-BF4B-00C04F79EFBC}") = "Notification.Api", "src\Services\Notification\Notification.Api\Notification.Api.csproj", "{B83D2BE4-66B9-4D96-BABB-0549C0F8D318}"
EndProject
Project("{FAE04EC0-301F-11D3-BF4B-00C04F79EFBC}") = "Product.Business", "src\Services\Product\Product.Business\Product.Business.csproj", "{5D9D35F2-F74A-4CA7-A98D-98418CCB8864}"
EndProject
Project("{FAE04EC0-301F-11D3-BF4B-00C04F79EFBC}") = "Cart.Business", "src\Services\Cart\Cart.Business\Cart.Business.csproj", "{BA4D4863-520E-476E-B2D8-057C3332A1D4}"
EndProject
Project("{FAE04EC0-301F-11D3-BF4B-00C04F79EFBC}") = "Order.Infrastructure", "src\Services\Order\Order.Infrastructure\Order.Infrastructure.csproj", "{5B13D661-0B43-45DC-9FB7-93F39077BCC4}"
EndProject
Project("{FAE04EC0-301F-11D3-BF4B-00C04F79EFBC}") = "Payment.Business", "src\Services\Payment\Payment.Business\Payment.Business.csproj", "{D86BDE37-CEDF-436D-B53D-39FD96C5B7C3}"
EndProject
Project("{FAE04EC0-301F-11D3-BF4B-00C04F79EFBC}") = "Notification.Infrastructure", "src\Services\Notification\Notification.Infrastructure\Notification.Infrastructure.csproj", "{9A9305D5-BB72-455E-A93A-7FF43586A77D}"
EndProject
Project("{FAE04EC0-301F-11D3-BF4B-00C04F79EFBC}") = "Identity.Business", "src\Services\Identity\Identity.Business\Identity.Business.csproj", "{5CBB45F5-D89B-4A1F-A79F-DA88532F5F88}"
EndProject
Project("{FAE04EC0-301F-11D3-BF4B-00C04F79EFBC}") = "Identity.Domain", "src\Services\Identity\Identity.Domain\Identity.Domain.csproj", "{41F6D228-2894-45DB-89D9-3BE4B99243C1}"
EndProject
Project("{FAE04EC0-301F-11D3-BF4B-00C04F79EFBC}") = "Identity.Infrastructure", "src\Services\Identity\Identity.Infrastructure\Identity.Infrastructure.csproj", "{6CD4B3DA-9A95-482F-8671-DAE560EC8384}"
EndProject
Project("{FAE04EC0-301F-11D3-BF4B-00C04F79EFBC}") = "Product.Domain", "src\Services\Product\Product.Domain\Product.Domain.csproj", "{9F33B33D-C1C5-4CE3-ABA6-0D9E15011729}"
EndProject
Project("{FAE04EC0-301F-11D3-BF4B-00C04F79EFBC}") = "Product.Infrastructure", "src\Services\Product\Product.Infrastructure\Product.Infrastructure.csproj", "{085A2BFD-6096-412F-97F8-86185E83C4CD}"
EndProject
Project("{FAE04EC0-301F-11D3-BF4B-00C04F79EFBC}") = "Cart.Domain", "src\Services\Cart\Cart.Domain\Cart.Domain.csproj", "{3E901234-7A28-4BF7-B96C-C757AE5A2D4C}"
EndProject
Project("{FAE04EC0-301F-11D3-BF4B-00C04F79EFBC}") = "Cart.Infrastructure", "src\Services\Cart\Cart.Infrastructure\Cart.Infrastructure.csproj", "{003DE9CA-8EBC-46B4-B8A3-890D6FF6F687}"
EndProject
Project("{FAE04EC0-301F-11D3-BF4B-00C04F79EFBC}") = "Order.Business", "src\Services\Order\Order.Business\Order.Business.csproj", "{836B6F4D-DEC6-47CB-A9D2-2266BA68760E}"
EndProject
Project("{FAE04EC0-301F-11D3-BF4B-00C04F79EFBC}") = "Order.Domain", "src\Services\Order\Order.Domain\Order.Domain.csproj", "{59124929-DBCE-4825-AB64-5E1A51210240}"
EndProject
Project("{FAE04EC0-301F-11D3-BF4B-00C04F79EFBC}") = "Inventory.Business", "src\Services\Inventory\Inventory.Business\Inventory.Business.csproj", "{34BDB420-F463-4896-A8AF-A6F360A9E4C5}"
EndProject
Project("{FAE04EC0-301F-11D3-BF4B-00C04F79EFBC}") = "Inventory.Domain", "src\Services\Inventory\Inventory.Domain\Inventory.Domain.csproj", "{9198266B-8E98-4B8A-84F4-6489386452DC}"
EndProject
Project("{FAE04EC0-301F-11D3-BF4B-00C04F79EFBC}") = "Inventory.Infrastructure", "src\Services\Inventory\Inventory.Infrastructure\Inventory.Infrastructure.csproj", "{13B7D8B0-E67F-41F6-82A3-B13B0D403497}"
EndProject
Project("{FAE04EC0-301F-11D3-BF4B-00C04F79EFBC}") = "Payment.Domain", "src\Services\Payment\Payment.Domain\Payment.Domain.csproj", "{37809CEA-EA83-4041-8D4E-AAC4ED1E804A}"
EndProject
Project("{FAE04EC0-301F-11D3-BF4B-00C04F79EFBC}") = "Payment.Infrastructure", "src\Services\Payment\Payment.Infrastructure\Payment.Infrastructure.csproj", "{2E1D5925-A689-43F6-9821-20E7DCF7DD21}"
EndProject
Project("{FAE04EC0-301F-11D3-BF4B-00C04F79EFBC}") = "Notification.Business", "src\Services\Notification\Notification.Business\Notification.Business.csproj", "{C0BE39CE-18BB-4C3B-B769-0496893A4436}"
EndProject
Project("{FAE04EC0-301F-11D3-BF4B-00C04F79EFBC}") = "Notification.Domain", "src\Services\Notification\Notification.Domain\Notification.Domain.csproj", "{F409B003-85BA-43EA-A4A8-A95CFF947E77}"
EndProject
Global
	GlobalSection(SolutionConfigurationPlatforms) = preSolution
		Debug|Any CPU = Debug|Any CPU
		Release|Any CPU = Release|Any CPU
	EndGlobalSection
	GlobalSection(SolutionProperties) = preSolution
		HideSolutionNode = FALSE
	EndGlobalSection
	GlobalSection(ProjectConfigurationPlatforms) = postSolution
		{305A5EF2-EE26-4DBD-B33E-4074AC68061A}.Debug|Any CPU.ActiveCfg = Debug|Any CPU
		{305A5EF2-EE26-4DBD-B33E-4074AC68061A}.Debug|Any CPU.Build.0 = Debug|Any CPU
		{305A5EF2-EE26-4DBD-B33E-4074AC68061A}.Release|Any CPU.ActiveCfg = Release|Any CPU
		{305A5EF2-EE26-4DBD-B33E-4074AC68061A}.Release|Any CPU.Build.0 = Release|Any CPU
		{58F8D8B3-C894-4827-8063-C87CF75F2E00}.Debug|Any CPU.ActiveCfg = Debug|Any CPU
		{58F8D8B3-C894-4827-8063-C87CF75F2E00}.Debug|Any CPU.Build.0 = Debug|Any CPU
		{58F8D8B3-C894-4827-8063-C87CF75F2E00}.Release|Any CPU.ActiveCfg = Release|Any CPU
		{58F8D8B3-C894-4827-8063-C87CF75F2E00}.Release|Any CPU.Build.0 = Release|Any CPU
		{0F2484FF-8518-4C3B-8F56-90FFC081D0FF}.Debug|Any CPU.ActiveCfg = Debug|Any CPU
		{0F2484FF-8518-4C3B-8F56-90FFC081D0FF}.Debug|Any CPU.Build.0 = Debug|Any CPU
		{0F2484FF-8518-4C3B-8F56-90FFC081D0FF}.Release|Any CPU.ActiveCfg = Release|Any CPU
		{0F2484FF-8518-4C3B-8F56-90FFC081D0FF}.Release|Any CPU.Build.0 = Release|Any CPU
		{FCD2F638-AD68-415D-85EB-5A68537B4238}.Debug|Any CPU.ActiveCfg = Debug|Any CPU
		{FCD2F638-AD68-415D-85EB-5A68537B4238}.Debug|Any CPU.Build.0 = Debug|Any CPU
		{FCD2F638-AD68-415D-85EB-5A68537B4238}.Release|Any CPU.ActiveCfg = Release|Any CPU
		{FCD2F638-AD68-415D-85EB-5A68537B4238}.Release|Any CPU.Build.0 = Release|Any CPU
		{E9E77C3E-2073-4D1D-88B0-76EE2E7C23C6}.Debug|Any CPU.ActiveCfg = Debug|Any CPU
		{E9E77C3E-2073-4D1D-88B0-76EE2E7C23C6}.Debug|Any CPU.Build.0 = Debug|Any CPU
		{E9E77C3E-2073-4D1D-88B0-76EE2E7C23C6}.Release|Any CPU.ActiveCfg = Release|Any CPU
		{E9E77C3E-2073-4D1D-88B0-76EE2E7C23C6}.Release|Any CPU.Build.0 = Release|Any CPU
		{5818B777-27FA-450B-A7D4-DF57108D7948}.Debug|Any CPU.ActiveCfg = Debug|Any CPU
		{5818B777-27FA-450B-A7D4-DF57108D7948}.Debug|Any CPU.Build.0 = Debug|Any CPU
		{5818B777-27FA-450B-A7D4-DF57108D7948}.Release|Any CPU.ActiveCfg = Release|Any CPU
		{5818B777-27FA-450B-A7D4-DF57108D7948}.Release|Any CPU.Build.0 = Release|Any CPU
		{C73C3232-EA02-420F-AB8B-937C98DC1773}.Debug|Any CPU.ActiveCfg = Debug|Any CPU
		{C73C3232-EA02-420F-AB8B-937C98DC1773}.Debug|Any CPU.Build.0 = Debug|Any CPU
		{C73C3232-EA02-420F-AB8B-937C98DC1773}.Release|Any CPU.ActiveCfg = Release|Any CPU
		{C73C3232-EA02-420F-AB8B-937C98DC1773}.Release|Any CPU.Build.0 = Release|Any CPU
		{B83D2BE4-66B9-4D96-BABB-0549C0F8D318}.Debug|Any CPU.ActiveCfg = Debug|Any CPU
		{B83D2BE4-66B9-4D96-BABB-0549C0F8D318}.Debug|Any CPU.Build.0 = Debug|Any CPU
		{B83D2BE4-66B9-4D96-BABB-0549C0F8D318}.Release|Any CPU.ActiveCfg = Release|Any CPU
		{B83D2BE4-66B9-4D96-BABB-0549C0F8D318}.Release|Any CPU.Build.0 = Release|Any CPU
		{5D9D35F2-F74A-4CA7-A98D-98418CCB8864}.Debug|Any CPU.ActiveCfg = Debug|Any CPU
		{5D9D35F2-F74A-4CA7-A98D-98418CCB8864}.Debug|Any CPU.Build.0 = Debug|Any CPU
		{5D9D35F2-F74A-4CA7-A98D-98418CCB8864}.Release|Any CPU.ActiveCfg = Release|Any CPU
		{5D9D35F2-F74A-4CA7-A98D-98418CCB8864}.Release|Any CPU.Build.0 = Release|Any CPU
		{BA4D4863-520E-476E-B2D8-057C3332A1D4}.Debug|Any CPU.ActiveCfg = Debug|Any CPU
		{BA4D4863-520E-476E-B2D8-057C3332A1D4}.Debug|Any CPU.Build.0 = Debug|Any CPU
		{BA4D4863-520E-476E-B2D8-057C3332A1D4}.Release|Any CPU.ActiveCfg = Release|Any CPU
		{BA4D4863-520E-476E-B2D8-057C3332A1D4}.Release|Any CPU.Build.0 = Release|Any CPU
		{5B13D661-0B43-45DC-9FB7-93F39077BCC4}.Debug|Any CPU.ActiveCfg = Debug|Any CPU
		{5B13D661-0B43-45DC-9FB7-93F39077BCC4}.Debug|Any CPU.Build.0 = Debug|Any CPU
		{5B13D661-0B43-45DC-9FB7-93F39077BCC4}.Release|Any CPU.ActiveCfg = Release|Any CPU
		{5B13D661-0B43-45DC-9FB7-93F39077BCC4}.Release|Any CPU.Build.0 = Release|Any CPU
		{D86BDE37-CEDF-436D-B53D-39FD96C5B7C3}.Debug|Any CPU.ActiveCfg = Debug|Any CPU
		{D86BDE37-CEDF-436D-B53D-39FD96C5B7C3}.Debug|Any CPU.Build.0 = Debug|Any CPU
		{D86BDE37-CEDF-436D-B53D-39FD96C5B7C3}.Release|Any CPU.ActiveCfg = Release|Any CPU
		{D86BDE37-CEDF-436D-B53D-39FD96C5B7C3}.Release|Any CPU.Build.0 = Release|Any CPU
		{9A9305D5-BB72-455E-A93A-7FF43586A77D}.Debug|Any CPU.ActiveCfg = Debug|Any CPU
		{9A9305D5-BB72-455E-A93A-7FF43586A77D}.Debug|Any CPU.Build.0 = Debug|Any CPU
		{9A9305D5-BB72-455E-A93A-7FF43586A77D}.Release|Any CPU.ActiveCfg = Release|Any CPU
		{9A9305D5-BB72-455E-A93A-7FF43586A77D}.Release|Any CPU.Build.0 = Release|Any CPU
		{5CBB45F5-D89B-4A1F-A79F-DA88532F5F88}.Debug|Any CPU.ActiveCfg = Debug|Any CPU
		{5CBB45F5-D89B-4A1F-A79F-DA88532F5F88}.Debug|Any CPU.Build.0 = Debug|Any CPU
		{5CBB45F5-D89B-4A1F-A79F-DA88532F5F88}.Release|Any CPU.ActiveCfg = Release|Any CPU
		{5CBB45F5-D89B-4A1F-A79F-DA88532F5F88}.Release|Any CPU.Build.0 = Release|Any CPU
		{41F6D228-2894-45DB-89D9-3BE4B99243C1}.Debug|Any CPU.ActiveCfg = Debug|Any CPU
		{41F6D228-2894-45DB-89D9-3BE4B99243C1}.Debug|Any CPU.Build.0 = Debug|Any CPU
		{41F6D228-2894-45DB-89D9-3BE4B99243C1}.Release|Any CPU.ActiveCfg = Release|Any CPU
		{41F6D228-2894-45DB-89D9-3BE4B99243C1}.Release|Any CPU.Build.0 = Release|Any CPU
		{6CD4B3DA-9A95-482F-8671-DAE560EC8384}.Debug|Any CPU.ActiveCfg = Debug|Any CPU
		{6CD4B3DA-9A95-482F-8671-DAE560EC8384}.Debug|Any CPU.Build.0 = Debug|Any CPU
		{6CD4B3DA-9A95-482F-8671-DAE560EC8384}.Release|Any CPU.ActiveCfg = Release|Any CPU
		{6CD4B3DA-9A95-482F-8671-DAE560EC8384}.Release|Any CPU.Build.0 = Release|Any CPU
		{9F33B33D-C1C5-4CE3-ABA6-0D9E15011729}.Debug|Any CPU.ActiveCfg = Debug|Any CPU
		{9F33B33D-C1C5-4CE3-ABA6-0D9E15011729}.Debug|Any CPU.Build.0 = Debug|Any CPU
		{9F33B33D-C1C5-4CE3-ABA6-0D9E15011729}.Release|Any CPU.ActiveCfg = Release|Any CPU
		{9F33B33D-C1C5-4CE3-ABA6-0D9E15011729}.Release|Any CPU.Build.0 = Release|Any CPU
		{085A2BFD-6096-412F-97F8-86185E83C4CD}.Debug|Any CPU.ActiveCfg = Debug|Any CPU
		{085A2BFD-6096-412F-97F8-86185E83C4CD}.Debug|Any CPU.Build.0 = Debug|Any CPU
		{085A2BFD-6096-412F-97F8-86185E83C4CD}.Release|Any CPU.ActiveCfg = Release|Any CPU
		{085A2BFD-6096-412F-97F8-86185E83C4CD}.Release|Any CPU.Build.0 = Release|Any CPU
		{3E901234-7A28-4BF7-B96C-C757AE5A2D4C}.Debug|Any CPU.ActiveCfg = Debug|Any CPU
		{3E901234-7A28-4BF7-B96C-C757AE5A2D4C}.Debug|Any CPU.Build.0 = Debug|Any CPU
		{3E901234-7A28-4BF7-B96C-C757AE5A2D4C}.Release|Any CPU.ActiveCfg = Release|Any CPU
		{3E901234-7A28-4BF7-B96C-C757AE5A2D4C}.Release|Any CPU.Build.0 = Release|Any CPU
		{003DE9CA-8EBC-46B4-B8A3-890D6FF6F687}.Debug|Any CPU.ActiveCfg = Debug|Any CPU
		{003DE9CA-8EBC-46B4-B8A3-890D6FF6F687}.Debug|Any CPU.Build.0 = Debug|Any CPU
		{003DE9CA-8EBC-46B4-B8A3-890D6FF6F687}.Release|Any CPU.ActiveCfg = Release|Any CPU
		{003DE9CA-8EBC-46B4-B8A3-890D6FF6F687}.Release|Any CPU.Build.0 = Release|Any CPU
		{836B6F4D-DEC6-47CB-A9D2-2266BA68760E}.Debug|Any CPU.ActiveCfg = Debug|Any CPU
		{836B6F4D-DEC6-47CB-A9D2-2266BA68760E}.Debug|Any CPU.Build.0 = Debug|Any CPU
		{836B6F4D-DEC6-47CB-A9D2-2266BA68760E}.Release|Any CPU.ActiveCfg = Release|Any CPU
		{836B6F4D-DEC6-47CB-A9D2-2266BA68760E}.Release|Any CPU.Build.0 = Release|Any CPU
		{59124929-DBCE-4825-AB64-5E1A51210240}.Debug|Any CPU.ActiveCfg = Debug|Any CPU
		{59124929-DBCE-4825-AB64-5E1A51210240}.Debug|Any CPU.Build.0 = Debug|Any CPU
		{59124929-DBCE-4825-AB64-5E1A51210240}.Release|Any CPU.ActiveCfg = Release|Any CPU
		{59124929-DBCE-4825-AB64-5E1A51210240}.Release|Any CPU.Build.0 = Release|Any CPU
		{34BDB420-F463-4896-A8AF-A6F360A9E4C5}.Debug|Any CPU.ActiveCfg = Debug|Any CPU
		{34BDB420-F463-4896-A8AF-A6F360A9E4C5}.Debug|Any CPU.Build.0 = Debug|Any CPU
		{34BDB420-F463-4896-A8AF-A6F360A9E4C5}.Release|Any CPU.ActiveCfg = Release|Any CPU
		{34BDB420-F463-4896-A8AF-A6F360A9E4C5}.Release|Any CPU.Build.0 = Release|Any CPU
		{9198266B-8E98-4B8A-84F4-6489386452DC}.Debug|Any CPU.ActiveCfg = Debug|Any CPU
		{9198266B-8E98-4B8A-84F4-6489386452DC}.Debug|Any CPU.Build.0 = Debug|Any CPU
		{9198266B-8E98-4B8A-84F4-6489386452DC}.Release|Any CPU.ActiveCfg = Release|Any CPU
		{9198266B-8E98-4B8A-84F4-6489386452DC}.Release|Any CPU.Build.0 = Release|Any CPU
		{13B7D8B0-E67F-41F6-82A3-B13B0D403497}.Debug|Any CPU.ActiveCfg = Debug|Any CPU
		{13B7D8B0-E67F-41F6-82A3-B13B0D403497}.Debug|Any CPU.Build.0 = Debug|Any CPU
		{13B7D8B0-E67F-41F6-82A3-B13B0D403497}.Release|Any CPU.ActiveCfg = Release|Any CPU
		{13B7D8B0-E67F-41F6-82A3-B13B0D403497}.Release|Any CPU.Build.0 = Release|Any CPU
		{37809CEA-EA83-4041-8D4E-AAC4ED1E804A}.Debug|Any CPU.ActiveCfg = Debug|Any CPU
		{37809CEA-EA83-4041-8D4E-AAC4ED1E804A}.Debug|Any CPU.Build.0 = Debug|Any CPU
		{37809CEA-EA83-4041-8D4E-AAC4ED1E804A}.Release|Any CPU.ActiveCfg = Release|Any CPU
		{37809CEA-EA83-4041-8D4E-AAC4ED1E804A}.Release|Any CPU.Build.0 = Release|Any CPU
		{2E1D5925-A689-43F6-9821-20E7DCF7DD21}.Debug|Any CPU.ActiveCfg = Debug|Any CPU
		{2E1D5925-A689-43F6-9821-20E7DCF7DD21}.Debug|Any CPU.Build.0 = Debug|Any CPU
		{2E1D5925-A689-43F6-9821-20E7DCF7DD21}.Release|Any CPU.ActiveCfg = Release|Any CPU
		{2E1D5925-A689-43F6-9821-20E7DCF7DD21}.Release|Any CPU.Build.0 = Release|Any CPU
		{C0BE39CE-18BB-4C3B-B769-0496893A4436}.Debug|Any CPU.ActiveCfg = Debug|Any CPU
		{C0BE39CE-18BB-4C3B-B769-0496893A4436}.Debug|Any CPU.Build.0 = Debug|Any CPU
		{C0BE39CE-18BB-4C3B-B769-0496893A4436}.Release|Any CPU.ActiveCfg = Release|Any CPU
		{C0BE39CE-18BB-4C3B-B769-0496893A4436}.Release|Any CPU.Build.0 = Release|Any CPU
		{F409B003-85BA-43EA-A4A8-A95CFF947E77}.Debug|Any CPU.ActiveCfg = Debug|Any CPU
		{F409B003-85BA-43EA-A4A8-A95CFF947E77}.Debug|Any CPU.Build.0 = Debug|Any CPU
		{F409B003-85BA-43EA-A4A8-A95CFF947E77}.Release|Any CPU.ActiveCfg = Release|Any CPU
		{F409B003-85BA-43EA-A4A8-A95CFF947E77}.Release|Any CPU.Build.0 = Release|Any CPU
	EndGlobalSection
	GlobalSection(NestedProjects) = preSolution
		{F51DA2F5-7812-4FA0-BBD5-88ADECA4702A} = {74A7EE62-6EC6-4D3C-8049-BF699B368A6B}
		{305A5EF2-EE26-4DBD-B33E-4074AC68061A} = {F51DA2F5-7812-4FA0-BBD5-88ADECA4702A}
		{32B73698-6EA9-43B8-BC05-C03D635121A3} = {74A7EE62-6EC6-4D3C-8049-BF699B368A6B}
		{7641C4EA-0436-40D0-8B3E-ABCD2C460D5F} = {32B73698-6EA9-43B8-BC05-C03D635121A3}
		{58F8D8B3-C894-4827-8063-C87CF75F2E00} = {7641C4EA-0436-40D0-8B3E-ABCD2C460D5F}
		{5034BE3A-CD2A-48B8-8EAF-0B08639463B2} = {32B73698-6EA9-43B8-BC05-C03D635121A3}
		{0F2484FF-8518-4C3B-8F56-90FFC081D0FF} = {5034BE3A-CD2A-48B8-8EAF-0B08639463B2}
		{C9237AA6-2884-4874-A5F6-D5BBF1000047} = {32B73698-6EA9-43B8-BC05-C03D635121A3}
		{FCD2F638-AD68-415D-85EB-5A68537B4238} = {C9237AA6-2884-4874-A5F6-D5BBF1000047}
		{6423A10E-859E-4869-B167-8C390C9D39F2} = {32B73698-6EA9-43B8-BC05-C03D635121A3}
		{E9E77C3E-2073-4D1D-88B0-76EE2E7C23C6} = {6423A10E-859E-4869-B167-8C390C9D39F2}
		{FA56CC81-C1D0-4253-BD62-2A75912F597F} = {32B73698-6EA9-43B8-BC05-C03D635121A3}
		{5818B777-27FA-450B-A7D4-DF57108D7948} = {FA56CC81-C1D0-4253-BD62-2A75912F597F}
		{35AC3574-F9ED-4ED7-9877-4A09465465E0} = {32B73698-6EA9-43B8-BC05-C03D635121A3}
		{C73C3232-EA02-420F-AB8B-937C98DC1773} = {35AC3574-F9ED-4ED7-9877-4A09465465E0}
		{E94A28B5-E809-4115-88FA-9065EA4C0FBD} = {32B73698-6EA9-43B8-BC05-C03D635121A3}
		{B83D2BE4-66B9-4D96-BABB-0549C0F8D318} = {E94A28B5-E809-4115-88FA-9065EA4C0FBD}
		{5D9D35F2-F74A-4CA7-A98D-98418CCB8864} = {5034BE3A-CD2A-48B8-8EAF-0B08639463B2}
		{BA4D4863-520E-476E-B2D8-057C3332A1D4} = {C9237AA6-2884-4874-A5F6-D5BBF1000047}
		{5B13D661-0B43-45DC-9FB7-93F39077BCC4} = {6423A10E-859E-4869-B167-8C390C9D39F2}
		{D86BDE37-CEDF-436D-B53D-39FD96C5B7C3} = {35AC3574-F9ED-4ED7-9877-4A09465465E0}
		{9A9305D5-BB72-455E-A93A-7FF43586A77D} = {E94A28B5-E809-4115-88FA-9065EA4C0FBD}
		{5CBB45F5-D89B-4A1F-A79F-DA88532F5F88} = {7641C4EA-0436-40D0-8B3E-ABCD2C460D5F}
		{41F6D228-2894-45DB-89D9-3BE4B99243C1} = {7641C4EA-0436-40D0-8B3E-ABCD2C460D5F}
		{6CD4B3DA-9A95-482F-8671-DAE560EC8384} = {7641C4EA-0436-40D0-8B3E-ABCD2C460D5F}
		{9F33B33D-C1C5-4CE3-ABA6-0D9E15011729} = {5034BE3A-CD2A-48B8-8EAF-0B08639463B2}
		{085A2BFD-6096-412F-97F8-86185E83C4CD} = {5034BE3A-CD2A-48B8-8EAF-0B08639463B2}
		{3E901234-7A28-4BF7-B96C-C757AE5A2D4C} = {C9237AA6-2884-4874-A5F6-D5BBF1000047}
		{003DE9CA-8EBC-46B4-B8A3-890D6FF6F687} = {C9237AA6-2884-4874-A5F6-D5BBF1000047}
		{836B6F4D-DEC6-47CB-A9D2-2266BA68760E} = {6423A10E-859E-4869-B167-8C390C9D39F2}
		{59124929-DBCE-4825-AB64-5E1A51210240} = {6423A10E-859E-4869-B167-8C390C9D39F2}
		{34BDB420-F463-4896-A8AF-A6F360A9E4C5} = {FA56CC81-C1D0-4253-BD62-2A75912F597F}
		{9198266B-8E98-4B8A-84F4-6489386452DC} = {FA56CC81-C1D0-4253-BD62-2A75912F597F}
		{13B7D8B0-E67F-41F6-82A3-B13B0D403497} = {FA56CC81-C1D0-4253-BD62-2A75912F597F}
		{37809CEA-EA83-4041-8D4E-AAC4ED1E804A} = {35AC3574-F9ED-4ED7-9877-4A09465465E0}
		{2E1D5925-A689-43F6-9821-20E7DCF7DD21} = {35AC3574-F9ED-4ED7-9877-4A09465465E0}
		{C0BE39CE-18BB-4C3B-B769-0496893A4436} = {E94A28B5-E809-4115-88FA-9065EA4C0FBD}
		{F409B003-85BA-43EA-A4A8-A95CFF947E77} = {E94A28B5-E809-4115-88FA-9065EA4C0FBD}
	EndGlobalSection
EndGlobal
